
Microsoft Visual Studio Solution File, Format Version 12.00
# Visual Studio Express 2012 for Web
Project("{FAE04EC0-301F-11D3-BF4B-00C04F79EFBC}") = "HackBaseSite", "HackBaseSite\HackBaseSite.csproj", "{A005A7DB-1E48-432C-832C-2C5E445E4E44}"
EndProject
Global
	GlobalSection(SolutionConfigurationPlatforms) = preSolution
		Debug|Any CPU = Debug|Any CPU
		Release|Any CPU = Release|Any CPU
	EndGlobalSection
	GlobalSection(ProjectConfigurationPlatforms) = postSolution
		{A005A7DB-1E48-432C-832C-2C5E445E4E44}.Debug|Any CPU.ActiveCfg = Debug|Any CPU
		{A005A7DB-1E48-432C-832C-2C5E445E4E44}.Debug|Any CPU.Build.0 = Debug|Any CPU
		{A005A7DB-1E48-432C-832C-2C5E445E4E44}.Release|Any CPU.ActiveCfg = Release|Any CPU
		{A005A7DB-1E48-432C-832C-2C5E445E4E44}.Release|Any CPU.Build.0 = Release|Any CPU
	EndGlobalSection
	GlobalSection(SolutionProperties) = preSolution
		HideSolutionNode = FALSE
	EndGlobalSection
EndGlobal
